
Microsoft Visual Studio Solution File, Format Version 12.00
# Visual Studio Version 17
VisualStudioVersion = 17.6.33829.357
MinimumVisualStudioVersion = 10.0.40219.1
Project("{8BC9CEB8-8B4A-11D0-8D11-00A0C91BC942}") = "001_evennumber", "001_evennumber\001_evennumber.vcxproj", "{3CF2362A-F847-4FEF-91CF-6BF2A2DEE837}"
EndProject
Project("{8BC9CEB8-8B4A-11D0-8D11-00A0C91BC942}") = "002_plusminus", "002_plusminus\002_plusminus.vcxproj", "{F082EE5E-7B76-4521-9295-FAE169A71847}"
EndProject
Project("{8BC9CEB8-8B4A-11D0-8D11-00A0C91BC942}") = "003_sortNumber", "003_shortNumber\003_shortNumber.vcxproj", "{CE35304F-AF58-4E94-8780-B393D0B9B2C8}"
EndProject
Project("{8BC9CEB8-8B4A-11D0-8D11-00A0C91BC942}") = "004_switch", "004_switch\004_switch.vcxproj", "{EF50A0BC-3AD1-4315-BD52-8DE06C9CBF62}"
EndProject
Project("{8BC9CEB8-8B4A-11D0-8D11-00A0C91BC942}") = "005_while", "005_while\005_while.vcxproj", "{C92FE901-508A-463D-9004-1B88B47B89AA}"
EndProject
Project("{8BC9CEB8-8B4A-11D0-8D11-00A0C91BC942}") = "006_do while", "006_do while\006_do while.vcxproj", "{948BE9FF-3DAE-4C1A-B579-0FB1057D66F4}"
EndProject
Project("{8BC9CEB8-8B4A-11D0-8D11-00A0C91BC942}") = "007_while_ex", "007_while_ex\007_while_ex.vcxproj", "{FE5F3243-1FB3-45A4-BCC0-9633EFBD170F}"
EndProject
Project("{8BC9CEB8-8B4A-11D0-8D11-00A0C91BC942}") = "008_while odd", "008_while odd\008_while odd.vcxproj", "{3AC64024-9AD2-47D0-B612-CAEF9DF70272}"
EndProject
Project("{8BC9CEB8-8B4A-11D0-8D11-00A0C91BC942}") = "009_sum", "009_sum\009_sum.vcxproj", "{8994FDF6-84F8-46E1-B6C0-F418E2BF3640}"
EndProject
Project("{8BC9CEB8-8B4A-11D0-8D11-00A0C91BC942}") = "010_for", "010_for\010_for.vcxproj", "{C37E957F-AF20-446F-9DB8-000623FCE004}"
EndProject
Project("{8BC9CEB8-8B4A-11D0-8D11-00A0C91BC942}") = "011_power", "011_power\011_power.vcxproj", "{FE68B5A6-56B8-4142-9EEA-129C307EC97C}"
EndProject
Project("{8BC9CEB8-8B4A-11D0-8D11-00A0C91BC942}") = "012_factorial", "012_factorial\012_factorial.vcxproj", "{A21DE52D-C039-4388-845F-19A60856715F}"
EndProject
Project("{8BC9CEB8-8B4A-11D0-8D11-00A0C91BC942}") = "013_continue", "013_continue\013_continue.vcxproj", "{37E4ADC7-DCC9-4F2B-B49E-58CC0879BB9C}"
EndProject
Project("{8BC9CEB8-8B4A-11D0-8D11-00A0C91BC942}") = "014_loopex", "014_loopex\014_loopex.vcxproj", "{BB126296-1A11-4502-A831-8BCE379C5600}"
EndProject
Project("{8BC9CEB8-8B4A-11D0-8D11-00A0C91BC942}") = "015_nestedLoop", "015_nestedLoop\015_nestedLoop.vcxproj", "{F93A5CFA-FE85-4458-AA7B-22FB2D2DB218}"
EndProject
Project("{8BC9CEB8-8B4A-11D0-8D11-00A0C91BC942}") = "016_pyramid", "016_pyramid\016_pyramid.vcxproj", "{C8AE2056-2374-4BF0-ABF7-4C65A4F0DCCB}"
EndProject
Project("{8BC9CEB8-8B4A-11D0-8D11-00A0C91BC942}") = "017_gugugan", "017_gugugan\017_gugugan.vcxproj", "{8927C042-1314-442C-92FD-52C6A61E3D22}"
EndProject
Global
	GlobalSection(SolutionConfigurationPlatforms) = preSolution
		Debug|x64 = Debug|x64
		Debug|x86 = Debug|x86
		Release|x64 = Release|x64
		Release|x86 = Release|x86
	EndGlobalSection
	GlobalSection(ProjectConfigurationPlatforms) = postSolution
		{3CF2362A-F847-4FEF-91CF-6BF2A2DEE837}.Debug|x64.ActiveCfg = Debug|x64
		{3CF2362A-F847-4FEF-91CF-6BF2A2DEE837}.Debug|x64.Build.0 = Debug|x64
		{3CF2362A-F847-4FEF-91CF-6BF2A2DEE837}.Debug|x86.ActiveCfg = Debug|Win32
		{3CF2362A-F847-4FEF-91CF-6BF2A2DEE837}.Debug|x86.Build.0 = Debug|Win32
		{3CF2362A-F847-4FEF-91CF-6BF2A2DEE837}.Release|x64.ActiveCfg = Release|x64
		{3CF2362A-F847-4FEF-91CF-6BF2A2DEE837}.Release|x64.Build.0 = Release|x64
		{3CF2362A-F847-4FEF-91CF-6BF2A2DEE837}.Release|x86.ActiveCfg = Release|Win32
		{3CF2362A-F847-4FEF-91CF-6BF2A2DEE837}.Release|x86.Build.0 = Release|Win32
		{F082EE5E-7B76-4521-9295-FAE169A71847}.Debug|x64.ActiveCfg = Debug|x64
		{F082EE5E-7B76-4521-9295-FAE169A71847}.Debug|x64.Build.0 = Debug|x64
		{F082EE5E-7B76-4521-9295-FAE169A71847}.Debug|x86.ActiveCfg = Debug|Win32
		{F082EE5E-7B76-4521-9295-FAE169A71847}.Debug|x86.Build.0 = Debug|Win32
		{F082EE5E-7B76-4521-9295-FAE169A71847}.Release|x64.ActiveCfg = Release|x64
		{F082EE5E-7B76-4521-9295-FAE169A71847}.Release|x64.Build.0 = Release|x64
		{F082EE5E-7B76-4521-9295-FAE169A71847}.Release|x86.ActiveCfg = Release|Win32
		{F082EE5E-7B76-4521-9295-FAE169A71847}.Release|x86.Build.0 = Release|Win32
		{CE35304F-AF58-4E94-8780-B393D0B9B2C8}.Debug|x64.ActiveCfg = Debug|x64
		{CE35304F-AF58-4E94-8780-B393D0B9B2C8}.Debug|x64.Build.0 = Debug|x64
		{CE35304F-AF58-4E94-8780-B393D0B9B2C8}.Debug|x86.ActiveCfg = Debug|Win32
		{CE35304F-AF58-4E94-8780-B393D0B9B2C8}.Debug|x86.Build.0 = Debug|Win32
		{CE35304F-AF58-4E94-8780-B393D0B9B2C8}.Release|x64.ActiveCfg = Release|x64
		{CE35304F-AF58-4E94-8780-B393D0B9B2C8}.Release|x64.Build.0 = Release|x64
		{CE35304F-AF58-4E94-8780-B393D0B9B2C8}.Release|x86.ActiveCfg = Release|Win32
		{CE35304F-AF58-4E94-8780-B393D0B9B2C8}.Release|x86.Build.0 = Release|Win32
		{EF50A0BC-3AD1-4315-BD52-8DE06C9CBF62}.Debug|x64.ActiveCfg = Debug|x64
		{EF50A0BC-3AD1-4315-BD52-8DE06C9CBF62}.Debug|x64.Build.0 = Debug|x64
		{EF50A0BC-3AD1-4315-BD52-8DE06C9CBF62}.Debug|x86.ActiveCfg = Debug|Win32
		{EF50A0BC-3AD1-4315-BD52-8DE06C9CBF62}.Debug|x86.Build.0 = Debug|Win32
		{EF50A0BC-3AD1-4315-BD52-8DE06C9CBF62}.Release|x64.ActiveCfg = Release|x64
		{EF50A0BC-3AD1-4315-BD52-8DE06C9CBF62}.Release|x64.Build.0 = Release|x64
		{EF50A0BC-3AD1-4315-BD52-8DE06C9CBF62}.Release|x86.ActiveCfg = Release|Win32
		{EF50A0BC-3AD1-4315-BD52-8DE06C9CBF62}.Release|x86.Build.0 = Release|Win32
		{C92FE901-508A-463D-9004-1B88B47B89AA}.Debug|x64.ActiveCfg = Debug|x64
		{C92FE901-508A-463D-9004-1B88B47B89AA}.Debug|x64.Build.0 = Debug|x64
		{C92FE901-508A-463D-9004-1B88B47B89AA}.Debug|x86.ActiveCfg = Debug|Win32
		{C92FE901-508A-463D-9004-1B88B47B89AA}.Debug|x86.Build.0 = Debug|Win32
		{C92FE901-508A-463D-9004-1B88B47B89AA}.Release|x64.ActiveCfg = Release|x64
		{C92FE901-508A-463D-9004-1B88B47B89AA}.Release|x64.Build.0 = Release|x64
		{C92FE901-508A-463D-9004-1B88B47B89AA}.Release|x86.ActiveCfg = Release|Win32
		{C92FE901-508A-463D-9004-1B88B47B89AA}.Release|x86.Build.0 = Release|Win32
		{948BE9FF-3DAE-4C1A-B579-0FB1057D66F4}.Debug|x64.ActiveCfg = Debug|x64
		{948BE9FF-3DAE-4C1A-B579-0FB1057D66F4}.Debug|x64.Build.0 = Debug|x64
		{948BE9FF-3DAE-4C1A-B579-0FB1057D66F4}.Debug|x86.ActiveCfg = Debug|Win32
		{948BE9FF-3DAE-4C1A-B579-0FB1057D66F4}.Debug|x86.Build.0 = Debug|Win32
		{948BE9FF-3DAE-4C1A-B579-0FB1057D66F4}.Release|x64.ActiveCfg = Release|x64
		{948BE9FF-3DAE-4C1A-B579-0FB1057D66F4}.Release|x64.Build.0 = Release|x64
		{948BE9FF-3DAE-4C1A-B579-0FB1057D66F4}.Release|x86.ActiveCfg = Release|Win32
		{948BE9FF-3DAE-4C1A-B579-0FB1057D66F4}.Release|x86.Build.0 = Release|Win32
		{FE5F3243-1FB3-45A4-BCC0-9633EFBD170F}.Debug|x64.ActiveCfg = Debug|x64
		{FE5F3243-1FB3-45A4-BCC0-9633EFBD170F}.Debug|x64.Build.0 = Debug|x64
		{FE5F3243-1FB3-45A4-BCC0-9633EFBD170F}.Debug|x86.ActiveCfg = Debug|Win32
		{FE5F3243-1FB3-45A4-BCC0-9633EFBD170F}.Debug|x86.Build.0 = Debug|Win32
		{FE5F3243-1FB3-45A4-BCC0-9633EFBD170F}.Release|x64.ActiveCfg = Release|x64
		{FE5F3243-1FB3-45A4-BCC0-9633EFBD170F}.Release|x64.Build.0 = Release|x64
		{FE5F3243-1FB3-45A4-BCC0-9633EFBD170F}.Release|x86.ActiveCfg = Release|Win32
		{FE5F3243-1FB3-45A4-BCC0-9633EFBD170F}.Release|x86.Build.0 = Release|Win32
		{3AC64024-9AD2-47D0-B612-CAEF9DF70272}.Debug|x64.ActiveCfg = Debug|x64
		{3AC64024-9AD2-47D0-B612-CAEF9DF70272}.Debug|x64.Build.0 = Debug|x64
		{3AC64024-9AD2-47D0-B612-CAEF9DF70272}.Debug|x86.ActiveCfg = Debug|Win32
		{3AC64024-9AD2-47D0-B612-CAEF9DF70272}.Debug|x86.Build.0 = Debug|Win32
		{3AC64024-9AD2-47D0-B612-CAEF9DF70272}.Release|x64.ActiveCfg = Release|x64
		{3AC64024-9AD2-47D0-B612-CAEF9DF70272}.Release|x64.Build.0 = Release|x64
		{3AC64024-9AD2-47D0-B612-CAEF9DF70272}.Release|x86.ActiveCfg = Release|Win32
		{3AC64024-9AD2-47D0-B612-CAEF9DF70272}.Release|x86.Build.0 = Release|Win32
		{8994FDF6-84F8-46E1-B6C0-F418E2BF3640}.Debug|x64.ActiveCfg = Debug|x64
		{8994FDF6-84F8-46E1-B6C0-F418E2BF3640}.Debug|x64.Build.0 = Debug|x64
		{8994FDF6-84F8-46E1-B6C0-F418E2BF3640}.Debug|x86.ActiveCfg = Debug|Win32
		{8994FDF6-84F8-46E1-B6C0-F418E2BF3640}.Debug|x86.Build.0 = Debug|Win32
		{8994FDF6-84F8-46E1-B6C0-F418E2BF3640}.Release|x64.ActiveCfg = Release|x64
		{8994FDF6-84F8-46E1-B6C0-F418E2BF3640}.Release|x64.Build.0 = Release|x64
		{8994FDF6-84F8-46E1-B6C0-F418E2BF3640}.Release|x86.ActiveCfg = Release|Win32
		{8994FDF6-84F8-46E1-B6C0-F418E2BF3640}.Release|x86.Build.0 = Release|Win32
		{C37E957F-AF20-446F-9DB8-000623FCE004}.Debug|x64.ActiveCfg = Debug|x64
		{C37E957F-AF20-446F-9DB8-000623FCE004}.Debug|x64.Build.0 = Debug|x64
		{C37E957F-AF20-446F-9DB8-000623FCE004}.Debug|x86.ActiveCfg = Debug|Win32
		{C37E957F-AF20-446F-9DB8-000623FCE004}.Debug|x86.Build.0 = Debug|Win32
		{C37E957F-AF20-446F-9DB8-000623FCE004}.Release|x64.ActiveCfg = Release|x64
		{C37E957F-AF20-446F-9DB8-000623FCE004}.Release|x64.Build.0 = Release|x64
		{C37E957F-AF20-446F-9DB8-000623FCE004}.Release|x86.ActiveCfg = Release|Win32
		{C37E957F-AF20-446F-9DB8-000623FCE004}.Release|x86.Build.0 = Release|Win32
		{FE68B5A6-56B8-4142-9EEA-129C307EC97C}.Debug|x64.ActiveCfg = Debug|x64
		{FE68B5A6-56B8-4142-9EEA-129C307EC97C}.Debug|x64.Build.0 = Debug|x64
		{FE68B5A6-56B8-4142-9EEA-129C307EC97C}.Debug|x86.ActiveCfg = Debug|Win32
		{FE68B5A6-56B8-4142-9EEA-129C307EC97C}.Debug|x86.Build.0 = Debug|Win32
		{FE68B5A6-56B8-4142-9EEA-129C307EC97C}.Release|x64.ActiveCfg = Release|x64
		{FE68B5A6-56B8-4142-9EEA-129C307EC97C}.Release|x64.Build.0 = Release|x64
		{FE68B5A6-56B8-4142-9EEA-129C307EC97C}.Release|x86.ActiveCfg = Release|Win32
		{FE68B5A6-56B8-4142-9EEA-129C307EC97C}.Release|x86.Build.0 = Release|Win32
		{A21DE52D-C039-4388-845F-19A60856715F}.Debug|x64.ActiveCfg = Debug|x64
		{A21DE52D-C039-4388-845F-19A60856715F}.Debug|x64.Build.0 = Debug|x64
		{A21DE52D-C039-4388-845F-19A60856715F}.Debug|x86.ActiveCfg = Debug|Win32
		{A21DE52D-C039-4388-845F-19A60856715F}.Debug|x86.Build.0 = Debug|Win32
		{A21DE52D-C039-4388-845F-19A60856715F}.Release|x64.ActiveCfg = Release|x64
		{A21DE52D-C039-4388-845F-19A60856715F}.Release|x64.Build.0 = Release|x64
		{A21DE52D-C039-4388-845F-19A60856715F}.Release|x86.ActiveCfg = Release|Win32
		{A21DE52D-C039-4388-845F-19A60856715F}.Release|x86.Build.0 = Release|Win32
		{37E4ADC7-DCC9-4F2B-B49E-58CC0879BB9C}.Debug|x64.ActiveCfg = Debug|x64
		{37E4ADC7-DCC9-4F2B-B49E-58CC0879BB9C}.Debug|x64.Build.0 = Debug|x64
		{37E4ADC7-DCC9-4F2B-B49E-58CC0879BB9C}.Debug|x86.ActiveCfg = Debug|Win32
		{37E4ADC7-DCC9-4F2B-B49E-58CC0879BB9C}.Debug|x86.Build.0 = Debug|Win32
		{37E4ADC7-DCC9-4F2B-B49E-58CC0879BB9C}.Release|x64.ActiveCfg = Release|x64
		{37E4ADC7-DCC9-4F2B-B49E-58CC0879BB9C}.Release|x64.Build.0 = Release|x64
		{37E4ADC7-DCC9-4F2B-B49E-58CC0879BB9C}.Release|x86.ActiveCfg = Release|Win32
		{37E4ADC7-DCC9-4F2B-B49E-58CC0879BB9C}.Release|x86.Build.0 = Release|Win32
		{BB126296-1A11-4502-A831-8BCE379C5600}.Debug|x64.ActiveCfg = Debug|x64
		{BB126296-1A11-4502-A831-8BCE379C5600}.Debug|x64.Build.0 = Debug|x64
		{BB126296-1A11-4502-A831-8BCE379C5600}.Debug|x86.ActiveCfg = Debug|Win32
		{BB126296-1A11-4502-A831-8BCE379C5600}.Debug|x86.Build.0 = Debug|Win32
		{BB126296-1A11-4502-A831-8BCE379C5600}.Release|x64.ActiveCfg = Release|x64
		{BB126296-1A11-4502-A831-8BCE379C5600}.Release|x64.Build.0 = Release|x64
		{BB126296-1A11-4502-A831-8BCE379C5600}.Release|x86.ActiveCfg = Release|Win32
		{BB126296-1A11-4502-A831-8BCE379C5600}.Release|x86.Build.0 = Release|Win32
		{F93A5CFA-FE85-4458-AA7B-22FB2D2DB218}.Debug|x64.ActiveCfg = Debug|x64
		{F93A5CFA-FE85-4458-AA7B-22FB2D2DB218}.Debug|x64.Build.0 = Debug|x64
		{F93A5CFA-FE85-4458-AA7B-22FB2D2DB218}.Debug|x86.ActiveCfg = Debug|Win32
		{F93A5CFA-FE85-4458-AA7B-22FB2D2DB218}.Debug|x86.Build.0 = Debug|Win32
		{F93A5CFA-FE85-4458-AA7B-22FB2D2DB218}.Release|x64.ActiveCfg = Release|x64
		{F93A5CFA-FE85-4458-AA7B-22FB2D2DB218}.Release|x64.Build.0 = Release|x64
		{F93A5CFA-FE85-4458-AA7B-22FB2D2DB218}.Release|x86.ActiveCfg = Release|Win32
		{F93A5CFA-FE85-4458-AA7B-22FB2D2DB218}.Release|x86.Build.0 = Release|Win32
		{C8AE2056-2374-4BF0-ABF7-4C65A4F0DCCB}.Debug|x64.ActiveCfg = Debug|x64
		{C8AE2056-2374-4BF0-ABF7-4C65A4F0DCCB}.Debug|x64.Build.0 = Debug|x64
		{C8AE2056-2374-4BF0-ABF7-4C65A4F0DCCB}.Debug|x86.ActiveCfg = Debug|Win32
		{C8AE2056-2374-4BF0-ABF7-4C65A4F0DCCB}.Debug|x86.Build.0 = Debug|Win32
		{C8AE2056-2374-4BF0-ABF7-4C65A4F0DCCB}.Release|x64.ActiveCfg = Release|x64
		{C8AE2056-2374-4BF0-ABF7-4C65A4F0DCCB}.Release|x64.Build.0 = Release|x64
		{C8AE2056-2374-4BF0-ABF7-4C65A4F0DCCB}.Release|x86.ActiveCfg = Release|Win32
		{C8AE2056-2374-4BF0-ABF7-4C65A4F0DCCB}.Release|x86.Build.0 = Release|Win32
		{8927C042-1314-442C-92FD-52C6A61E3D22}.Debug|x64.ActiveCfg = Debug|x64
		{8927C042-1314-442C-92FD-52C6A61E3D22}.Debug|x64.Build.0 = Debug|x64
		{8927C042-1314-442C-92FD-52C6A61E3D22}.Debug|x86.ActiveCfg = Debug|Win32
		{8927C042-1314-442C-92FD-52C6A61E3D22}.Debug|x86.Build.0 = Debug|Win32
		{8927C042-1314-442C-92FD-52C6A61E3D22}.Release|x64.ActiveCfg = Release|x64
		{8927C042-1314-442C-92FD-52C6A61E3D22}.Release|x64.Build.0 = Release|x64
		{8927C042-1314-442C-92FD-52C6A61E3D22}.Release|x86.ActiveCfg = Release|Win32
		{8927C042-1314-442C-92FD-52C6A61E3D22}.Release|x86.Build.0 = Release|Win32
	EndGlobalSection
	GlobalSection(SolutionProperties) = preSolution
		HideSolutionNode = FALSE
	EndGlobalSection
	GlobalSection(ExtensibilityGlobals) = postSolution
		SolutionGuid = {960B86CD-6592-47B3-9DF5-8E565FC910F6}
	EndGlobalSection
EndGlobal
